// !$*UTF8*$!
{
	archiveVersion = 1;
	classes = {
	};
	objectVersion = 50;
	objects = {

/* Begin PBXBuildFile section */
		525F4C1824AB0A4600E75D60 /* AppDelegate.swift in Sources */ = {isa = PBXBuildFile; fileRef = 525F4C1724AB0A4600E75D60 /* AppDelegate.swift */; };
		525F4C1A24AB0A4600E75D60 /* SceneDelegate.swift in Sources */ = {isa = PBXBuildFile; fileRef = 525F4C1924AB0A4600E75D60 /* SceneDelegate.swift */; };
		525F4C1C24AB0A4600E75D60 /* ContentView.swift in Sources */ = {isa = PBXBuildFile; fileRef = 525F4C1B24AB0A4600E75D60 /* ContentView.swift */; };
		525F4C1E24AB0A4800E75D60 /* Assets.xcassets in Resources */ = {isa = PBXBuildFile; fileRef = 525F4C1D24AB0A4800E75D60 /* Assets.xcassets */; };
		525F4C2124AB0A4800E75D60 /* Preview Assets.xcassets in Resources */ = {isa = PBXBuildFile; fileRef = 525F4C2024AB0A4800E75D60 /* Preview Assets.xcassets */; };
		525F4C2424AB0A4800E75D60 /* LaunchScreen.storyboard in Resources */ = {isa = PBXBuildFile; fileRef = 525F4C2224AB0A4800E75D60 /* LaunchScreen.storyboard */; };
		52E10DD524ADA8310009ADAF /* CircleImage.swift in Sources */ = {isa = PBXBuildFile; fileRef = 52E10DD424ADA8310009ADAF /* CircleImage.swift */; };
		52E10DD724ADAC7E0009ADAF /* MapView.swift in Sources */ = {isa = PBXBuildFile; fileRef = 52E10DD624ADAC7E0009ADAF /* MapView.swift */; };
/* End PBXBuildFile section */

/* Begin PBXFileReference section */
		525F4C1424AB0A4600E75D60 /* FamilyKCH.app */ = {isa = PBXFileReference; explicitFileType = wrapper.application; includeInIndex = 0; path = FamilyKCH.app; sourceTree = BUILT_PRODUCTS_DIR; };
		525F4C1724AB0A4600E75D60 /* AppDelegate.swift */ = {isa = PBXFileReference; lastKnownFileType = sourcecode.swift; path = AppDelegate.swift; sourceTree = "<group>"; };
		525F4C1924AB0A4600E75D60 /* SceneDelegate.swift */ = {isa = PBXFileReference; lastKnownFileType = sourcecode.swift; path = SceneDelegate.swift; sourceTree = "<group>"; };
		525F4C1B24AB0A4600E75D60 /* ContentView.swift */ = {isa = PBXFileReference; lastKnownFileType = sourcecode.swift; path = ContentView.swift; sourceTree = "<group>"; };
		525F4C1D24AB0A4800E75D60 /* Assets.xcassets */ = {isa = PBXFileReference; lastKnownFileType = folder.assetcatalog; path = Assets.xcassets; sourceTree = "<group>"; };
		525F4C2024AB0A4800E75D60 /* Preview Assets.xcassets */ = {isa = PBXFileReference; lastKnownFileType = folder.assetcatalog; path = "Preview Assets.xcassets"; sourceTree = "<group>"; };
		525F4C2324AB0A4800E75D60 /* Base */ = {isa = PBXFileReference; lastKnownFileType = file.storyboard; name = Base; path = Base.lproj/LaunchScreen.storyboard; sourceTree = "<group>"; };
		525F4C2524AB0A4800E75D60 /* Info.plist */ = {isa = PBXFileReference; lastKnownFileType = text.plist.xml; path = Info.plist; sourceTree = "<group>"; };
		52E10DD424ADA8310009ADAF /* CircleImage.swift */ = {isa = PBXFileReference; lastKnownFileType = sourcecode.swift; path = CircleImage.swift; sourceTree = "<group>"; };
		52E10DD624ADAC7E0009ADAF /* MapView.swift */ = {isa = PBXFileReference; lastKnownFileType = sourcecode.swift; path = MapView.swift; sourceTree = "<group>"; };
/* End PBXFileReference section */

/* Begin PBXFrameworksBuildPhase section */
		525F4C1124AB0A4600E75D60 /* Frameworks */ = {
			isa = PBXFrameworksBuildPhase;
			buildActionMask = 2147483647;
			files = (
			);
			runOnlyForDeploymentPostprocessing = 0;
		};
/* End PBXFrameworksBuildPhase section */

/* Begin PBXGroup section */
		525F4C0B24AB0A4600E75D60 = {
			isa = PBXGroup;
			children = (
				525F4C1624AB0A4600E75D60 /* FamilyKCH */,
				525F4C1524AB0A4600E75D60 /* Products */,
			);
			sourceTree = "<group>";
		};
		525F4C1524AB0A4600E75D60 /* Products */ = {
			isa = PBXGroup;
			children = (
				525F4C1424AB0A4600E75D60 /* FamilyKCH.app */,
			);
			name = Products;
			sourceTree = "<group>";
		};
		525F4C1624AB0A4600E75D60 /* FamilyKCH */ = {
			isa = PBXGroup;
			children = (
				525F4C1724AB0A4600E75D60 /* AppDelegate.swift */,
				525F4C1924AB0A4600E75D60 /* SceneDelegate.swift */,
				525F4C1B24AB0A4600E75D60 /* ContentView.swift */,
				525F4C1D24AB0A4800E75D60 /* Assets.xcassets */,
				525F4C2224AB0A4800E75D60 /* LaunchScreen.storyboard */,
				525F4C2524AB0A4800E75D60 /* Info.plist */,
				525F4C1F24AB0A4800E75D60 /* Preview Content */,
				52E10DD424ADA8310009ADAF /* CircleImage.swift */,
				52E10DD624ADAC7E0009ADAF /* MapView.swift */,
			);
			path = FamilyKCH;
			sourceTree = "<group>";
		};
		525F4C1F24AB0A4800E75D60 /* Preview Content */ = {
			isa = PBXGroup;
			children = (
				525F4C2024AB0A4800E75D60 /* Preview Assets.xcassets */,
			);
			path = "Preview Content";
			sourceTree = "<group>";
		};
/* End PBXGroup section */

/* Begin PBXNativeTarget section */
		525F4C1324AB0A4600E75D60 /* FamilyKCH */ = {
			isa = PBXNativeTarget;
			buildConfigurationList = 525F4C2824AB0A4800E75D60 /* Build configuration list for PBXNativeTarget "FamilyKCH" */;
			buildPhases = (
				525F4C1024AB0A4600E75D60 /* Sources */,
				525F4C1124AB0A4600E75D60 /* Frameworks */,
				525F4C1224AB0A4600E75D60 /* Resources */,
			);
			buildRules = (
			);
			dependencies = (
			);
			name = FamilyKCH;
			productName = FamilyKCH;
			productReference = 525F4C1424AB0A4600E75D60 /* FamilyKCH.app */;
			productType = "com.apple.product-type.application";
		};
/* End PBXNativeTarget section */

/* Begin PBXProject section */
		525F4C0C24AB0A4600E75D60 /* Project object */ = {
			isa = PBXProject;
			attributes = {
				LastSwiftUpdateCheck = 1150;
				LastUpgradeCheck = 1150;
				ORGANIZATIONNAME = "Magme Agency";
				TargetAttributes = {
					525F4C1324AB0A4600E75D60 = {
						CreatedOnToolsVersion = 11.5;
					};
				};
			};
			buildConfigurationList = 525F4C0F24AB0A4600E75D60 /* Build configuration list for PBXProject "FamilyKCH" */;
			compatibilityVersion = "Xcode 9.3";
			developmentRegion = en;
			hasScannedForEncodings = 0;
			knownRegions = (
				en,
				Base,
			);
			mainGroup = 525F4C0B24AB0A4600E75D60;
			productRefGroup = 525F4C1524AB0A4600E75D60 /* Products */;
			projectDirPath = "";
			projectRoot = "";
			targets = (
				525F4C1324AB0A4600E75D60 /* FamilyKCH */,
			);
		};
/* End PBXProject section */

/* Begin PBXResourcesBuildPhase section */
		525F4C1224AB0A4600E75D60 /* Resources */ = {
			isa = PBXResourcesBuildPhase;
			buildActionMask = 2147483647;
			files = (
				525F4C2424AB0A4800E75D60 /* LaunchScreen.storyboard in Resources */,
				525F4C2124AB0A4800E75D60 /* Preview Assets.xcassets in Resources */,
				525F4C1E24AB0A4800E75D60 /* Assets.xcassets in Resources */,
			);
			runOnlyForDeploymentPostprocessing = 0;
		};
/* End PBXResourcesBuildPhase section */

/* Begin PBXSourcesBuildPhase section */
		525F4C1024AB0A4600E75D60 /* Sources */ = {
			isa = PBXSourcesBuildPhase;
			buildActionMask = 2147483647;
			files = (
				525F4C1824AB0A4600E75D60 /* AppDelegate.swift in Sources */,
				52E10DD524ADA8310009ADAF /* CircleImage.swift in Sources */,
				52E10DD724ADAC7E0009ADAF /* MapView.swift in Sources */,
				525F4C1A24AB0A4600E75D60 /* SceneDelegate.swift in Sources */,
				525F4C1C24AB0A4600E75D60 /* ContentView.swift in Sources */,
			);
			runOnlyForDeploymentPostprocessing = 0;
		};
/* End PBXSourcesBuildPhase section */

/* Begin PBXVariantGroup section */
		525F4C2224AB0A4800E75D60 /* LaunchScreen.storyboard */ = {
			isa = PBXVariantGroup;
			children = (
				525F4C2324AB0A4800E75D60 /* Base */,
			);
			name = LaunchScreen.storyboard;
			sourceTree = "<group>";
		};
/* End PBXVariantGroup section */

/* Begin XCBuildConfiguration section */
		525F4C2624AB0A4800E75D60 /* Debug */ = {
			isa = XCBuildConfiguration;
			buildSettings = {
				ALWAYS_SEARCH_USER_PATHS = NO;
				CLANG_ANALYZER_NONNULL = YES;
				CLANG_ANALYZER_NUMBER_OBJECT_CONVERSION = YES_AGGRESSIVE;
				CLANG_CXX_LANGUAGE_STANDARD = "gnu++14";
				CLANG_CXX_LIBRARY = "libc++";
				CLANG_ENABLE_MODULES = YES;
				CLANG_ENABLE_OBJC_ARC = YES;
				CLANG_ENABLE_OBJC_WEAK = YES;
				CLANG_WARN_BLOCK_CAPTURE_AUTORELEASING = YES;
				CLANG_WARN_BOOL_CONVERSION = YES;
				CLANG_WARN_COMMA = YES;
				CLANG_WARN_CONSTANT_CONVERSION = YES;
				CLANG_WARN_DEPRECATED_OBJC_IMPLEMENTATIONS = YES;
				CLANG_WARN_DIRECT_OBJC_ISA_USAGE = YES_ERROR;
				CLANG_WARN_DOCUMENTATION_COMMENTS = YES;
				CLANG_WARN_EMPTY_BODY = YES;
				CLANG_WARN_ENUM_CONVERSION = YES;
				CLANG_WARN_INFINITE_RECURSION = YES;
				CLANG_WARN_INT_CONVERSION = YES;
				CLANG_WARN_NON_LITERAL_NULL_CONVERSION = YES;
				CLANG_WARN_OBJC_IMPLICIT_RETAIN_SELF = YES;
				CLANG_WARN_OBJC_LITERAL_CONVERSION = YES;
				CLANG_WARN_OBJC_ROOT_CLASS = YES_ERROR;
				CLANG_WARN_RANGE_LOOP_ANALYSIS = YES;
				CLANG_WARN_STRICT_PROTOTYPES = YES;
				CLANG_WARN_SUSPICIOUS_MOVE = YES;
				CLANG_WARN_UNGUARDED_AVAILABILITY = YES_AGGRESSIVE;
				CLANG_WARN_UNREACHABLE_CODE = YES;
				CLANG_WARN__DUPLICATE_METHOD_MATCH = YES;
				COPY_PHASE_STRIP = NO;
				DEBUG_INFORMATION_FORMAT = dwarf;
				ENABLE_STRICT_OBJC_MSGSEND = YES;
				ENABLE_TESTABILITY = YES;
				GCC_C_LANGUAGE_STANDARD = gnu11;
				GCC_DYNAMIC_NO_PIC = NO;
				GCC_NO_COMMON_BLOCKS = YES;
				GCC_OPTIMIZATION_LEVEL = 0;
				GCC_PREPROCESSOR_DEFINITIONS = (
					"DEBUG=1",
					"$(inherited)",
				);
				GCC_WARN_64_TO_32_BIT_CONVERSION = YES;
				GCC_WARN_ABOUT_RETURN_TYPE = YES_ERROR;
				GCC_WARN_UNDECLARED_SELECTOR = YES;
				GCC_WARN_UNINITIALIZED_AUTOS = YES_AGGRESSIVE;
				GCC_WARN_UNUSED_FUNCTION = YES;
				GCC_WARN_UNUSED_VARIABLE = YES;
				IPHONEOS_DEPLOYMENT_TARGET = 13.5;
				MTL_ENABLE_DEBUG_INFO = INCLUDE_SOURCE;
				MTL_FAST_MATH = YES;
				ONLY_ACTIVE_ARCH = YES;
				SDKROOT = iphoneos;
				SWIFT_ACTIVE_COMPILATION_CONDITIONS = DEBUG;
				SWIFT_OPTIMIZATION_LEVEL = "-Onone";
			};
			name = Debug;
		};
		525F4C2724AB0A4800E75D60 /* Release */ = {
			isa = XCBuildConfiguration;
			buildSettings = {
				ALWAYS_SEARCH_USER_PATHS = NO;
				CLANG_ANALYZER_NONNULL = YES;
				CLANG_ANALYZER_NUMBER_OBJECT_CONVERSION = YES_AGGRESSIVE;
				CLANG_CXX_LANGUAGE_STANDARD = "gnu++14";
				CLANG_CXX_LIBRARY = "libc++";
				CLANG_ENABLE_MODULES = YES;
				CLANG_ENABLE_OBJC_ARC = YES;
				CLANG_ENABLE_OBJC_WEAK = YES;
				CLANG_WARN_BLOCK_CAPTURE_AUTORELEASING = YES;
				CLANG_WARN_BOOL_CONVERSION = YES;
				CLANG_WARN_COMMA = YES;
				CLANG_WARN_CONSTANT_CONVERSION = YES;
				CLANG_WARN_DEPRECATED_OBJC_IMPLEMENTATIONS = YES;
				CLANG_WARN_DIRECT_OBJC_ISA_USAGE = YES_ERROR;
				CLANG_WARN_DOCUMENTATION_COMMENTS = YES;
				CLANG_WARN_EMPTY_BODY = YES;
				CLANG_WARN_ENUM_CONVERSION = YES;
				CLANG_WARN_INFINITE_RECURSION = YES;
				CLANG_WARN_INT_CONVERSION = YES;
				CLANG_WARN_NON_LITERAL_NULL_CONVERSION = YES;
				CLANG_WARN_OBJC_IMPLICIT_RETAIN_SELF = YES;
				CLANG_WARN_OBJC_LITERAL_CONVERSION = YES;
				CLANG_WARN_OBJC_ROOT_CLASS = YES_ERROR;
				CLANG_WARN_RANGE_LOOP_ANALYSIS = YES;
				CLANG_WARN_STRICT_PROTOTYPES = YES;
				CLANG_WARN_SUSPICIOUS_MOVE = YES;
				CLANG_WARN_UNGUARDED_AVAILABILITY = YES_AGGRESSIVE;
				CLANG_WARN_UNREACHABLE_CODE = YES;
				CLANG_WARN__DUPLICATE_METHOD_MATCH = YES;
				COPY_PHASE_STRIP = NO;
				DEBUG_INFORMATION_FORMAT = "dwarf-with-dsym";
				ENABLE_NS_ASSERTIONS = NO;
				ENABLE_STRICT_OBJC_MSGSEND = YES;
				GCC_C_LANGUAGE_STANDARD = gnu11;
				GCC_NO_COMMON_BLOCKS = YES;
				GCC_WARN_64_TO_32_BIT_CONVERSION = YES;
				GCC_WARN_ABOUT_RETURN_TYPE = YES_ERROR;
				GCC_WARN_UNDECLARED_SELECTOR = YES;
				GCC_WARN_UNINITIALIZED_AUTOS = YES_AGGRESSIVE;
				GCC_WARN_UNUSED_FUNCTION = YES;
				GCC_WARN_UNUSED_VARIABLE = YES;
				IPHONEOS_DEPLOYMENT_TARGET = 13.5;
				MTL_ENABLE_DEBUG_INFO = NO;
				MTL_FAST_MATH = YES;
				SDKROOT = iphoneos;
				SWIFT_COMPILATION_MODE = wholemodule;
				SWIFT_OPTIMIZATION_LEVEL = "-O";
				VALIDATE_PRODUCT = YES;
			};
			name = Release;
		};
		525F4C2924AB0A4800E75D60 /* Debug */ = {
			isa = XCBuildConfiguration;
			buildSettings = {
				ASSETCATALOG_COMPILER_APPICON_NAME = AppIcon;
				CODE_SIGN_STYLE = Automatic;
				DEVELOPMENT_ASSET_PATHS = "\"FamilyKCH/Preview Content\"";
				DEVELOPMENT_TEAM = NVYNUA4F7Z;
				ENABLE_PREVIEWS = YES;
				INFOPLIST_FILE = FamilyKCH/Info.plist;
				LD_RUNPATH_SEARCH_PATHS = (
					"$(inherited)",
					"@executable_path/Frameworks",
				);
				PRODUCT_BUNDLE_IDENTIFIER = dev.magme.FamilyKCH;
				PRODUCT_NAME = "$(TARGET_NAME)";
				SWIFT_VERSION = 5.0;
				TARGETED_DEVICE_FAMILY = "1,2";
			};
			name = Debug;
		};
		525F4C2A24AB0A4800E75D60 /* Release */ = {
			isa = XCBuildConfiguration;
			buildSettings = {
				ASSETCATALOG_COMPILER_APPICON_NAME = AppIcon;
				CODE_SIGN_STYLE = Automatic;
				DEVELOPMENT_ASSET_PATHS = "\"FamilyKCH/Preview Content\"";
				DEVELOPMENT_TEAM = NVYNUA4F7Z;
				ENABLE_PREVIEWS = YES;
				INFOPLIST_FILE = FamilyKCH/Info.plist;
				LD_RUNPATH_SEARCH_PATHS = (
					"$(inherited)",
					"@executable_path/Frameworks",
				);
				PRODUCT_BUNDLE_IDENTIFIER = dev.magme.FamilyKCH;
				PRODUCT_NAME = "$(TARGET_NAME)";
				SWIFT_VERSION = 5.0;
				TARGETED_DEVICE_FAMILY = "1,2";
			};
			name = Release;
		};
/* End XCBuildConfiguration section */

/* Begin XCConfigurationList section */
		525F4C0F24AB0A4600E75D60 /* Build configuration list for PBXProject "FamilyKCH" */ = {
			isa = XCConfigurationList;
			buildConfigurations = (
				525F4C2624AB0A4800E75D60 /* Debug */,
				525F4C2724AB0A4800E75D60 /* Release */,
			);
			defaultConfigurationIsVisible = 0;
			defaultConfigurationName = Release;
		};
		525F4C2824AB0A4800E75D60 /* Build configuration list for PBXNativeTarget "FamilyKCH" */ = {
			isa = XCConfigurationList;
			buildConfigurations = (
				525F4C2924AB0A4800E75D60 /* Debug */,
				525F4C2A24AB0A4800E75D60 /* Release */,
			);
			defaultConfigurationIsVisible = 0;
			defaultConfigurationName = Release;
		};
/* End XCConfigurationList section */
	};
	rootObject = 525F4C0C24AB0A4600E75D60 /* Project object */;
}
